
Microsoft Visual Studio Solution File, Format Version 12.00
# Visual Studio Version 17
VisualStudioVersion = 17.14.36511.14
MinimumVisualStudioVersion = 10.0.40219.1
Project("{2150E333-8FDC-42A3-9474-1A3956D46DE8}") = "src", "src", "{36D591C7-65C7-A0D1-1CBC-10CDE441BDC8}"
EndProject
Project("{2150E333-8FDC-42A3-9474-1A3956D46DE8}") = "tests", "tests", "{066E9042-0FE7-4FD9-BE80-BE167D1AB2BD}"
EndProject
Project("{2150E333-8FDC-42A3-9474-1A3956D46DE8}") = "UserService", "UserService", "{D8565C2C-3E94-49C9-9270-5EE53D18A6CF}"
EndProject
Project("{2150E333-8FDC-42A3-9474-1A3956D46DE8}") = "FinanceService", "FinanceService", "{7C85A551-7CA1-451F-8874-C556D923EC5E}"
EndProject
Project("{FAE04EC0-301F-11D3-BF4B-00C04F79EFBC}") = "UserService.Tests", "Currency.UserService.Tests\UserService.Tests.csproj", "{77A99387-8920-4D70-9212-510A9C71788E}"
EndProject
Project("{FAE04EC0-301F-11D3-BF4B-00C04F79EFBC}") = "FinanceService.Tests", "Currency.FinanceService.Tests\FinanceService.Tests.csproj", "{8EA13579-347F-4A8D-8A37-FB732E220DA4}"
EndProject
Project("{2150E333-8FDC-42A3-9474-1A3956D46DE8}") = "SharedKernel", "SharedKernel", "{0CEA7F4B-AD24-4C0D-87AE-74F0467AFE87}"
EndProject
Project("{FAE04EC0-301F-11D3-BF4B-00C04F79EFBC}") = "UserService.API", "UserService.API\UserService.API.csproj", "{04E13BBA-FC1E-7394-4AB5-E46BD1A6170D}"
EndProject
Project("{FAE04EC0-301F-11D3-BF4B-00C04F79EFBC}") = "UserService.Application", "UserService.Application\UserService.Application.csproj", "{DF34D81C-7A4E-C00C-9417-419794CE0023}"
EndProject
Project("{FAE04EC0-301F-11D3-BF4B-00C04F79EFBC}") = "UserService.Domain", "UserService.Domain\UserService.Domain.csproj", "{92B2889F-75B8-CC1C-5AB2-C83719094E42}"
EndProject
Project("{FAE04EC0-301F-11D3-BF4B-00C04F79EFBC}") = "UserService.Infrastructure", "UserService.Infrastructure\UserService.Infrastructure.csproj", "{CDEBC20E-23B3-B67D-0A4E-BE2DE33CECEC}"
EndProject
Project("{FAE04EC0-301F-11D3-BF4B-00C04F79EFBC}") = "MigrationService", "MigrationService\MigrationService.csproj", "{33C31411-3ED1-6C91-4919-4D2E66530DE7}"
EndProject
Project("{FAE04EC0-301F-11D3-BF4B-00C04F79EFBC}") = "Gateway", "Gateway\Gateway.csproj", "{2CADB68C-FB3B-D474-56C8-AE901F365B9C}"
EndProject
Project("{FAE04EC0-301F-11D3-BF4B-00C04F79EFBC}") = "SharedKernel", "SharedKernel\SharedKernel.csproj", "{E68FA0BA-F0A4-F704-5156-C748B031AB9D}"
EndProject
Project("{FAE04EC0-301F-11D3-BF4B-00C04F79EFBC}") = "FinanceService.API", "FinanceService.API\FinanceService.API.csproj", "{16907537-73A7-4D1C-749A-E1661F66393F}"
EndProject
Project("{FAE04EC0-301F-11D3-BF4B-00C04F79EFBC}") = "FinanceService.Application", "FinanceService.Application\FinanceService.Application.csproj", "{95757A10-ABCE-7708-64FD-3D9E319A2BBF}"
EndProject
Project("{FAE04EC0-301F-11D3-BF4B-00C04F79EFBC}") = "FinanceService.Domain", "FinanceService.Domain\FinanceService.Domain.csproj", "{C50B841E-0F9B-B70D-A3F5-0D16A6C3ACEB}"
EndProject
Project("{FAE04EC0-301F-11D3-BF4B-00C04F79EFBC}") = "FinanceService.Infrastructure", "FinanceService.Infrastructure\FinanceService.Infrastructure.csproj", "{E068368B-E044-8952-6D1C-5FD60EB46E07}"
EndProject
Global
	GlobalSection(SolutionConfigurationPlatforms) = preSolution
		Debug|Any CPU = Debug|Any CPU
		Release|Any CPU = Release|Any CPU
	EndGlobalSection
	GlobalSection(ProjectConfigurationPlatforms) = postSolution
		{77A99387-8920-4D70-9212-510A9C71788E}.Debug|Any CPU.ActiveCfg = Debug|Any CPU
		{77A99387-8920-4D70-9212-510A9C71788E}.Debug|Any CPU.Build.0 = Debug|Any CPU
		{77A99387-8920-4D70-9212-510A9C71788E}.Release|Any CPU.ActiveCfg = Release|Any CPU
		{77A99387-8920-4D70-9212-510A9C71788E}.Release|Any CPU.Build.0 = Release|Any CPU
		{8EA13579-347F-4A8D-8A37-FB732E220DA4}.Debug|Any CPU.ActiveCfg = Debug|Any CPU
		{8EA13579-347F-4A8D-8A37-FB732E220DA4}.Debug|Any CPU.Build.0 = Debug|Any CPU
		{8EA13579-347F-4A8D-8A37-FB732E220DA4}.Release|Any CPU.ActiveCfg = Release|Any CPU
		{8EA13579-347F-4A8D-8A37-FB732E220DA4}.Release|Any CPU.Build.0 = Release|Any CPU
		{04E13BBA-FC1E-7394-4AB5-E46BD1A6170D}.Debug|Any CPU.ActiveCfg = Debug|Any CPU
		{04E13BBA-FC1E-7394-4AB5-E46BD1A6170D}.Debug|Any CPU.Build.0 = Debug|Any CPU
		{04E13BBA-FC1E-7394-4AB5-E46BD1A6170D}.Release|Any CPU.ActiveCfg = Release|Any CPU
		{04E13BBA-FC1E-7394-4AB5-E46BD1A6170D}.Release|Any CPU.Build.0 = Release|Any CPU
		{DF34D81C-7A4E-C00C-9417-419794CE0023}.Debug|Any CPU.ActiveCfg = Debug|Any CPU
		{DF34D81C-7A4E-C00C-9417-419794CE0023}.Debug|Any CPU.Build.0 = Debug|Any CPU
		{DF34D81C-7A4E-C00C-9417-419794CE0023}.Release|Any CPU.ActiveCfg = Release|Any CPU
		{DF34D81C-7A4E-C00C-9417-419794CE0023}.Release|Any CPU.Build.0 = Release|Any CPU
		{92B2889F-75B8-CC1C-5AB2-C83719094E42}.Debug|Any CPU.ActiveCfg = Debug|Any CPU
		{92B2889F-75B8-CC1C-5AB2-C83719094E42}.Debug|Any CPU.Build.0 = Debug|Any CPU
		{92B2889F-75B8-CC1C-5AB2-C83719094E42}.Release|Any CPU.ActiveCfg = Release|Any CPU
		{92B2889F-75B8-CC1C-5AB2-C83719094E42}.Release|Any CPU.Build.0 = Release|Any CPU
		{CDEBC20E-23B3-B67D-0A4E-BE2DE33CECEC}.Debug|Any CPU.ActiveCfg = Debug|Any CPU
		{CDEBC20E-23B3-B67D-0A4E-BE2DE33CECEC}.Debug|Any CPU.Build.0 = Debug|Any CPU
		{CDEBC20E-23B3-B67D-0A4E-BE2DE33CECEC}.Release|Any CPU.ActiveCfg = Release|Any CPU
		{CDEBC20E-23B3-B67D-0A4E-BE2DE33CECEC}.Release|Any CPU.Build.0 = Release|Any CPU
		{33C31411-3ED1-6C91-4919-4D2E66530DE7}.Debug|Any CPU.ActiveCfg = Debug|Any CPU
		{33C31411-3ED1-6C91-4919-4D2E66530DE7}.Debug|Any CPU.Build.0 = Debug|Any CPU
		{33C31411-3ED1-6C91-4919-4D2E66530DE7}.Release|Any CPU.ActiveCfg = Release|Any CPU
		{33C31411-3ED1-6C91-4919-4D2E66530DE7}.Release|Any CPU.Build.0 = Release|Any CPU
		{2CADB68C-FB3B-D474-56C8-AE901F365B9C}.Debug|Any CPU.ActiveCfg = Debug|Any CPU
		{2CADB68C-FB3B-D474-56C8-AE901F365B9C}.Debug|Any CPU.Build.0 = Debug|Any CPU
		{2CADB68C-FB3B-D474-56C8-AE901F365B9C}.Release|Any CPU.ActiveCfg = Release|Any CPU
		{2CADB68C-FB3B-D474-56C8-AE901F365B9C}.Release|Any CPU.Build.0 = Release|Any CPU
		{E68FA0BA-F0A4-F704-5156-C748B031AB9D}.Debug|Any CPU.ActiveCfg = Debug|Any CPU
		{E68FA0BA-F0A4-F704-5156-C748B031AB9D}.Debug|Any CPU.Build.0 = Debug|Any CPU
		{E68FA0BA-F0A4-F704-5156-C748B031AB9D}.Release|Any CPU.ActiveCfg = Release|Any CPU
		{E68FA0BA-F0A4-F704-5156-C748B031AB9D}.Release|Any CPU.Build.0 = Release|Any CPU
		{16907537-73A7-4D1C-749A-E1661F66393F}.Debug|Any CPU.ActiveCfg = Debug|Any CPU
		{16907537-73A7-4D1C-749A-E1661F66393F}.Debug|Any CPU.Build.0 = Debug|Any CPU
		{16907537-73A7-4D1C-749A-E1661F66393F}.Release|Any CPU.ActiveCfg = Release|Any CPU
		{16907537-73A7-4D1C-749A-E1661F66393F}.Release|Any CPU.Build.0 = Release|Any CPU
		{95757A10-ABCE-7708-64FD-3D9E319A2BBF}.Debug|Any CPU.ActiveCfg = Debug|Any CPU
		{95757A10-ABCE-7708-64FD-3D9E319A2BBF}.Debug|Any CPU.Build.0 = Debug|Any CPU
		{95757A10-ABCE-7708-64FD-3D9E319A2BBF}.Release|Any CPU.ActiveCfg = Release|Any CPU
		{95757A10-ABCE-7708-64FD-3D9E319A2BBF}.Release|Any CPU.Build.0 = Release|Any CPU
		{C50B841E-0F9B-B70D-A3F5-0D16A6C3ACEB}.Debug|Any CPU.ActiveCfg = Debug|Any CPU
		{C50B841E-0F9B-B70D-A3F5-0D16A6C3ACEB}.Debug|Any CPU.Build.0 = Debug|Any CPU
		{C50B841E-0F9B-B70D-A3F5-0D16A6C3ACEB}.Release|Any CPU.ActiveCfg = Release|Any CPU
		{C50B841E-0F9B-B70D-A3F5-0D16A6C3ACEB}.Release|Any CPU.Build.0 = Release|Any CPU
		{E068368B-E044-8952-6D1C-5FD60EB46E07}.Debug|Any CPU.ActiveCfg = Debug|Any CPU
		{E068368B-E044-8952-6D1C-5FD60EB46E07}.Debug|Any CPU.Build.0 = Debug|Any CPU
		{E068368B-E044-8952-6D1C-5FD60EB46E07}.Release|Any CPU.ActiveCfg = Release|Any CPU
		{E068368B-E044-8952-6D1C-5FD60EB46E07}.Release|Any CPU.Build.0 = Release|Any CPU
	EndGlobalSection
	GlobalSection(SolutionProperties) = preSolution
		HideSolutionNode = FALSE
	EndGlobalSection
	GlobalSection(NestedProjects) = preSolution
		{D8565C2C-3E94-49C9-9270-5EE53D18A6CF} = {36D591C7-65C7-A0D1-1CBC-10CDE441BDC8}
		{7C85A551-7CA1-451F-8874-C556D923EC5E} = {36D591C7-65C7-A0D1-1CBC-10CDE441BDC8}
		{77A99387-8920-4D70-9212-510A9C71788E} = {066E9042-0FE7-4FD9-BE80-BE167D1AB2BD}
		{8EA13579-347F-4A8D-8A37-FB732E220DA4} = {066E9042-0FE7-4FD9-BE80-BE167D1AB2BD}
		{0CEA7F4B-AD24-4C0D-87AE-74F0467AFE87} = {36D591C7-65C7-A0D1-1CBC-10CDE441BDC8}
		{04E13BBA-FC1E-7394-4AB5-E46BD1A6170D} = {D8565C2C-3E94-49C9-9270-5EE53D18A6CF}
		{DF34D81C-7A4E-C00C-9417-419794CE0023} = {D8565C2C-3E94-49C9-9270-5EE53D18A6CF}
		{92B2889F-75B8-CC1C-5AB2-C83719094E42} = {D8565C2C-3E94-49C9-9270-5EE53D18A6CF}
		{CDEBC20E-23B3-B67D-0A4E-BE2DE33CECEC} = {D8565C2C-3E94-49C9-9270-5EE53D18A6CF}
		{33C31411-3ED1-6C91-4919-4D2E66530DE7} = {36D591C7-65C7-A0D1-1CBC-10CDE441BDC8}
		{2CADB68C-FB3B-D474-56C8-AE901F365B9C} = {36D591C7-65C7-A0D1-1CBC-10CDE441BDC8}
		{E68FA0BA-F0A4-F704-5156-C748B031AB9D} = {0CEA7F4B-AD24-4C0D-87AE-74F0467AFE87}
		{16907537-73A7-4D1C-749A-E1661F66393F} = {7C85A551-7CA1-451F-8874-C556D923EC5E}
		{95757A10-ABCE-7708-64FD-3D9E319A2BBF} = {7C85A551-7CA1-451F-8874-C556D923EC5E}
		{C50B841E-0F9B-B70D-A3F5-0D16A6C3ACEB} = {7C85A551-7CA1-451F-8874-C556D923EC5E}
		{E068368B-E044-8952-6D1C-5FD60EB46E07} = {7C85A551-7CA1-451F-8874-C556D923EC5E}
	EndGlobalSection
	GlobalSection(ExtensibilityGlobals) = postSolution
		SolutionGuid = {5AEAAFFE-945F-4375-AD5B-0F53D968BA1F}
	EndGlobalSection
EndGlobal
